
Microsoft Visual Studio Solution File, Format Version 12.00
# Visual Studio 15
Project("{FAE04EC0-301F-11D3-BF4B-00C04F79EFBC}") = "Assembly-CSharp", "Assembly-CSharp.csproj", "{D5C60F9E-4C6F-D0AE-B03F-614847BD2B94}"
EndProject
Project("{FAE04EC0-301F-11D3-BF4B-00C04F79EFBC}") = "Assembly-CSharp-Editor", "Assembly-CSharp-Editor.csproj", "{00DE3309-6A9B-892B-BB43-7690A7FD7D54}"
EndProject
Global
	GlobalSection(SolutionConfigurationPlatforms) = preSolution
		Debug|Any CPU = Debug|Any CPU
		Release|Any CPU = Release|Any CPU
	EndGlobalSection
	GlobalSection(ProjectConfigurationPlatforms) = postSolution
		{D5C60F9E-4C6F-D0AE-B03F-614847BD2B94}.Debug|Any CPU.ActiveCfg = Debug|Any CPU
		{D5C60F9E-4C6F-D0AE-B03F-614847BD2B94}.Debug|Any CPU.Build.0 = Debug|Any CPU
		{D5C60F9E-4C6F-D0AE-B03F-614847BD2B94}.Release|Any CPU.ActiveCfg = Release|Any CPU
		{D5C60F9E-4C6F-D0AE-B03F-614847BD2B94}.Release|Any CPU.Build.0 = Release|Any CPU
		{00DE3309-6A9B-892B-BB43-7690A7FD7D54}.Debug|Any CPU.ActiveCfg = Debug|Any CPU
		{00DE3309-6A9B-892B-BB43-7690A7FD7D54}.Debug|Any CPU.Build.0 = Debug|Any CPU
		{00DE3309-6A9B-892B-BB43-7690A7FD7D54}.Release|Any CPU.ActiveCfg = Release|Any CPU
		{00DE3309-6A9B-892B-BB43-7690A7FD7D54}.Release|Any CPU.Build.0 = Release|Any CPU
	EndGlobalSection
	GlobalSection(SolutionProperties) = preSolution
		HideSolutionNode = FALSE
	EndGlobalSection
EndGlobal
